# THIS IS AN AUTOGENERATED FILE. DO NOT EDIT THIS FILE DIRECTLY.
# yarn lockfile v1


"@types/node-persist@^3.1.2":
  version "3.1.2"
  resolved "https://registry.yarnpkg.com/@types/node-persist/-/node-persist-3.1.2.tgz#88020628a0124836e98e5c1060591b2dade2bb4a"
  integrity sha512-aLFUB1951wOfR+tZ4f3TudLPblo9+PfnduMh6feuOTijD0Q6YkMdqPXSgQIjI23FGmCuoZaIZ9x6cvEG/TdiSg==
  dependencies:
    "@types/node" "*"

"@types/node@*", "@types/node@^17.0.16":
  version "17.0.16"
  resolved "https://registry.yarnpkg.com/@types/node/-/node-17.0.16.tgz#e3733f46797b9df9e853ca9f719c8a6f7b84cd26"
  integrity sha512-ydLaGVfQOQ6hI1xK2A5nVh8bl0OGoIfYMxPWHqqYe9bTkWCfqiVvZoh2I/QF2sNSkZzZyROBoTefIEI+PB6iIA==

chalk@^5.0.0:
  version "5.0.0"
  resolved "https://registry.yarnpkg.com/chalk/-/chalk-5.0.0.tgz#bd96c6bb8e02b96e08c0c3ee2a9d90e050c7b832"
  integrity sha512-/duVOqst+luxCQRKEo4bNxinsOQtMP80ZYm7mMqzuh5PociNL0PvmHFvREJ9ueYL2TxlHjBcmLCdmocx9Vg+IQ==

commander@^9.0.0:
  version "9.0.0"
  resolved "https://registry.yarnpkg.com/commander/-/commander-9.0.0.tgz#86d58f24ee98126568936bd1d3574e0308a99a40"
  integrity sha512-JJfP2saEKbQqvW+FI93OYUB4ByV5cizMpFMiiJI8xDbBvQvSkIk0VvQdn1CZ8mqAO8Loq2h0gYTYtDFUZUeERw==

node-persist@^3.1.0:
  version "3.1.0"
  resolved "https://registry.yarnpkg.com/node-persist/-/node-persist-3.1.0.tgz#9d4b03950bba70d37d13d3d3551840e25fd17e09"
  integrity sha512-/j+fd/u71wNgKf3V2bx4tnDm+3GvLnlCuvf2MXbJ3wern+67IAb6zN9Leu1tCWPlPNZ+v1hLSibVukkPK2HqJw==

typescript@^4.5.5:
  version "4.5.5"
  resolved "https://registry.yarnpkg.com/typescript/-/typescript-4.5.5.tgz#d8c953832d28924a9e3d37c73d729c846c5896f3"
  integrity sha512-TCTIul70LyWe6IJWT8QSYeA54WQe8EjQFU4wY52Fasj5UKx88LNYKCgBEHcOMOrFF1rKGbD8v/xcNWVUq9SymA==
